github.com/gohugoio/hugo-mod-jslibs-dist/popperjs/v2 v2.21100.20000 h1:GZxx4Hc+yb0/t3/rau1j8XlAxLE4CyXns2fqQbyqWfs=
github.com/gohugoio/hugo-mod-jslibs-dist/popperjs/v2 v2.21100.20000/go.mod h1:mFberT6ZtcchrsDtfvJM7aAH2bDKLdOnruUHl0hlapI=
github.com/hugolify/architectify-example-site v1.0.12 h1:W8M1Odw7VY3n+HCF24g0048Cyyifyo+PLlA+UzGxOHk=
github.com/hugolify/architectify-example-site v1.0.12/go.mod h1:u4KcZm3c+Y/iHwqwGvzBdcskDY/3hTM6e3TaYaQ+xFo=
github.com/hugolify/architectify-netlify-cms v1.1.0 h1:1fDBFJ5/HawhCMu/Y05mGw7annmwa3ryDS4amA/RPSo=
github.com/hugolify/architectify-netlify-cms v1.1.0/go.mod h1:A3eg+p8BHqyThwE0zEywjfGI/HdGqndOy69cTcb+U8A=
github.com/hugolify/architectify-theme v1.1.1 h1:yc+hrPHvkh+t9lFQoQ731bJqB8Q2Yp7QCBhG1ipWmmU=
github.com/hugolify/architectify-theme v1.1.1/go.mod h1:yeu8+2/HrmM2ORv3M5PLpBQzcItjy9C5eUHsL/F82qA=
github.com/hugolify/hugolify-netlify-cms v1.8.0 h1:ac8URE9yDOZ2MMzWe9VVbKaJHcBmL8KvtoZ3lTCMBOU=
github.com/hugolify/hugolify-netlify-cms v1.8.0/go.mod h1:Q7HNXBxIatKmA+mlG+3HbWUYApZnftOwFz6kevyg/HU=
github.com/hugolify/hugolify-theme v1.7.34 h1:saq3jamY1ke/RGTJ8MryV1pWbOA7FJ17KasuuUBqXNo=
github.com/hugolify/hugolify-theme v1.7.34/go.mod h1:yDbH6g0BJAqjueFrZ13u2lC9gWsYuKDFjQirn805zvo=
github.com/hugolify/hugolify-theme-1 v1.0.8 h1:D0fy+EagYqeEa1IlzGS8WD1On4DoA4mbkKAqN2MoZSs=
github.com/hugolify/hugolify-theme-1 v1.0.8/go.mod h1:3+mptV0E9LS+6BjiTtv7BHRvMeC06zQUwwu2pssfQ0Y=
github.com/hugolify/hugolify-theme-persons v1.3.4 h1:tjyMVf/7uCgNiCNXdZJ87Q+TlPtQTsL2+xPYTfvACng=
github.com/hugolify/hugolify-theme-persons v1.3.4/go.mod h1:LjjY/5pEDk2r3URTU8xS7Sango4D4K9ExU0+OaJwOUA=
github.com/hugolify/hugolify-theme-persons-places v1.1.2 h1:FnLuDhKnV3mnz6hLKsRa6/HUDmQy3okniIWAt8trMAw=
github.com/hugolify/hugolify-theme-persons-places v1.1.2/go.mod h1:TxpVc04ARzcb1+6iz+pUZ2tuq+gDSfaLWhDMuZDexX8=
github.com/hugolify/hugolify-theme-places v1.1.2 h1:IOUG+tNTtexxozHZ5qDrWlEIZacU6eiTOaB0qEsOAaY=
github.com/hugolify/hugolify-theme-places v1.1.2/go.mod h1:fuG0GddSsGiKFhmtUalHZQY3c6wFIth1G3bA1WJ5q4k=
github.com/hugolify/hugolify-theme-posts v1.1.17 h1:vMKR2C7bgZOrE9lgJH4BCr+0jc4cRH9HNXXbQ2jHU8w=
github.com/hugolify/hugolify-theme-posts v1.1.17/go.mod h1:kSsNH0SQ9TaUdpJ2AsOYfAQt4qiIv0ORGjC4l+XCoqc=
github.com/hugolify/hugolify-theme-posts-authors v1.0.11 h1:nyQrVetNCtgKuQcvqFvh2zAefLVKhN62NiOdibmXGcM=
github.com/hugolify/hugolify-theme-posts-authors v1.0.11/go.mod h1:2vuilTf8Vy8jwMtA2fcdvu+tq56KT9niZe62TyH6JQo=
github.com/hugolify/hugolify-theme-posts-categories v1.0.9 h1:8SEXg7AuTw0wE8af03PpJ7qdqjeAkdN4a0Z3zDub2Ho=
github.com/hugolify/hugolify-theme-posts-categories v1.0.9/go.mod h1:BgCFC7+DzBoAiM4B1CrWGCDVzU/UUHnwNIeMc7cqt54=
github.com/hugolify/hugolify-theme-posts-tags v1.0.11 h1:WbXiUkwpcsW2xXB1KbE2iPfd1vCicG6YxLP8ort09jY=
github.com/hugolify/hugolify-theme-posts-tags v1.0.11/go.mod h1:8Vb9TbKcVvgMTZpHdIp8vyw9loSTcY3q0BNvqv8WpLg=
github.com/hugolify/hugolify-theme-projects v1.1.18 h1:QOOx54K3VzTbe3VOfJTGtiKKHLLjjvbaKYVULucHTf0=
github.com/hugolify/hugolify-theme-projects v1.1.18/go.mod h1:DseeRICUC354yaV9BDa6M3AwIeZVKXLnJbFczHCSH+U=
github.com/hugolify/hugolify-theme-projects-tags v1.0.12 h1:RK2SOE1lMHrk25JVi+t1Snxu5bFXgc7evOIAiMx17tM=
github.com/hugolify/hugolify-theme-projects-tags v1.0.12/go.mod h1:qqkCPiuJJxLQrnomqNqmSbwLquISdi3c0mhpvXE1CNU=
github.com/hugolify/hugolify-theme-projects-types v1.0.10 h1:PCYBfGpZKF+oJ/J1xa/PBJywYwrsbAL13LKaKtm1ERs=
github.com/hugolify/hugolify-theme-projects-types v1.0.10/go.mod h1:IFi4jmAY5oXSLTWyK0mcGUDoFzWtgTQB/bQ+gL23MTg=
github.com/hugolify/hugolify-theme-publications v1.2.0 h1:1Ss0D1h/2mp7gC8ndTfoUZ8263Wthilq67ytevgKzBw=
github.com/hugolify/hugolify-theme-publications v1.2.0/go.mod h1:9hR8/sdinGo6o4DJpZMTdP1I8XYwUUq585WmeU1zwH8=
github.com/hugolify/hugolify-theme-publications-concerned v1.0.14 h1:Y9PivyPIowFYI8h3Z7HNK10txJNcK4vt70liIb46lB0=
github.com/hugolify/hugolify-theme-publications-concerned v1.0.14/go.mod h1:SAxYCXVsDJ5lUHU/YRrTIVWATehPwdy9a1VHhmUP5dw=
github.com/twbs/bootstrap v5.3.1+incompatible h1:VZq/ulwa2CvsK7F9LFzkCVLzaCkTYOVyW5c3FBICUsM=
github.com/twbs/bootstrap v5.3.1+incompatible/go.mod h1:fZTSrkpSf0/HkL0IIJzvVspTt1r9zuf7XlZau8kpcY0=
