github.com/gohugoio/hugo-mod-jslibs-dist/popperjs/v2 v2.21100.20000 h1:GZxx4Hc+yb0/t3/rau1j8XlAxLE4CyXns2fqQbyqWfs=
github.com/gohugoio/hugo-mod-jslibs-dist/popperjs/v2 v2.21100.20000/go.mod h1:mFberT6ZtcchrsDtfvJM7aAH2bDKLdOnruUHl0hlapI=
github.com/hugolify/architectify-demo-1 v1.0.0 h1:bhJzRSMABhBy3yaI+qu6wR0oa38veyZL9X3/HaJ88I4=
github.com/hugolify/architectify-demo-1 v1.0.0/go.mod h1:7SIGOl4QpYx7kRBkDubyLdD6VGsOYcIr9myg7hjbMyE=
github.com/hugolify/architectify-demo-1 v1.0.1 h1:QSwdviiJPnD9t7YuxpL012EhoAypQGmYpYSrq05HQqU=
github.com/hugolify/architectify-demo-1 v1.0.1/go.mod h1:7SIGOl4QpYx7kRBkDubyLdD6VGsOYcIr9myg7hjbMyE=
github.com/hugolify/architectify-demo-1 v1.0.2 h1:h4ck1ecv4xpwyRCymJW296VPTVoayvS+z2LkOtbnvqY=
github.com/hugolify/architectify-demo-1 v1.0.2/go.mod h1:7SIGOl4QpYx7kRBkDubyLdD6VGsOYcIr9myg7hjbMyE=
github.com/hugolify/architectify-example-site v1.0.4 h1:7ARP9oFDqjwQRvPXUkR+gt6INOMo97NOgjRqc9YK2fY=
github.com/hugolify/architectify-example-site v1.0.4/go.mod h1:u4KcZm3c+Y/iHwqwGvzBdcskDY/3hTM6e3TaYaQ+xFo=
github.com/hugolify/architectify-example-site v1.0.5 h1:/Vh6X1sc3BYdjQsA8/fIufrPcJlyyeRihtT/iCHcWSI=
github.com/hugolify/architectify-example-site v1.0.5/go.mod h1:u4KcZm3c+Y/iHwqwGvzBdcskDY/3hTM6e3TaYaQ+xFo=
github.com/hugolify/architectify-example-site v1.0.6 h1:vLanrKYJRih75fQP4xbRwQV2HTG/9/UvqrebdgzM85c=
github.com/hugolify/architectify-example-site v1.0.6/go.mod h1:u4KcZm3c+Y/iHwqwGvzBdcskDY/3hTM6e3TaYaQ+xFo=
github.com/hugolify/architectify-example-site v1.0.7 h1:hCSN+Rbw4iMJuTzxvdp4KEDYpp8q8XAWfxaT1/3PZsE=
github.com/hugolify/architectify-example-site v1.0.7/go.mod h1:u4KcZm3c+Y/iHwqwGvzBdcskDY/3hTM6e3TaYaQ+xFo=
github.com/hugolify/architectify-netlify-cms v1.0.1 h1:cmsYNLh1vJmUFokT/5VoRLX/N1r93HmD0uwAXj6/7uA=
github.com/hugolify/architectify-netlify-cms v1.0.1/go.mod h1:A3eg+p8BHqyThwE0zEywjfGI/HdGqndOy69cTcb+U8A=
github.com/hugolify/architectify-theme v1.0.2 h1:HUuYfEpYg3ZfEwpfFew2W2aO9AXN8QK+JnQUCqSZ3jo=
github.com/hugolify/architectify-theme v1.0.2/go.mod h1:yeu8+2/HrmM2ORv3M5PLpBQzcItjy9C5eUHsL/F82qA=
github.com/hugolify/hugolify-netlify-cms v1.1.7 h1:1ki4yQpqSTWJK1QS+MmOPNxsnGRFrUlru0K4kjGzBYA=
github.com/hugolify/hugolify-netlify-cms v1.1.7/go.mod h1:Q7HNXBxIatKmA+mlG+3HbWUYApZnftOwFz6kevyg/HU=
github.com/hugolify/hugolify-netlify-cms v1.1.8 h1:TuxSymeQhvrvPdA3qHRReBJkn/zLJV7bdAJ7P9oRqFM=
github.com/hugolify/hugolify-netlify-cms v1.1.8/go.mod h1:Q7HNXBxIatKmA+mlG+3HbWUYApZnftOwFz6kevyg/HU=
github.com/hugolify/hugolify-theme v1.3.8 h1:trRETIp+QwU/HNx8vWjjZVjkg9h1pnrIfZpDfhk9WwY=
github.com/hugolify/hugolify-theme v1.3.8/go.mod h1:Ql6rtAl9AiN81qR+9X+h+yKG8Gmw9qFjlCKm1qarplA=
github.com/hugolify/hugolify-theme v1.3.9 h1:EcYKHkyTUn4xGHH3jyx6CCBFWVFiy7Mr1vaM3zWgvYw=
github.com/hugolify/hugolify-theme v1.3.9/go.mod h1:Ql6rtAl9AiN81qR+9X+h+yKG8Gmw9qFjlCKm1qarplA=
github.com/hugolify/hugolify-theme v1.3.10 h1:bx3pY+BWfh6d9erKLH9w3oGfxpzUtzEi3XS5OSJTW2w=
github.com/hugolify/hugolify-theme v1.3.10/go.mod h1:Ql6rtAl9AiN81qR+9X+h+yKG8Gmw9qFjlCKm1qarplA=
github.com/hugolify/hugolify-theme v1.3.11 h1:qzjUz/T3QEtQUhIbUKXvUI6PHT7JMUsjTQ32GJ+LKpo=
github.com/hugolify/hugolify-theme v1.3.11/go.mod h1:Ql6rtAl9AiN81qR+9X+h+yKG8Gmw9qFjlCKm1qarplA=
github.com/hugolify/hugolify-theme v1.3.12 h1:4neK4vxX45ib3ZBksoSdAYJlUNDuhKe5iMGMdgxktBY=
github.com/hugolify/hugolify-theme v1.3.12/go.mod h1:Ql6rtAl9AiN81qR+9X+h+yKG8Gmw9qFjlCKm1qarplA=
github.com/hugolify/hugolify-theme-offices v1.0.5 h1:dG+pCdX/bMCxEHbaKECJ8IEFobB/sauYCKb8un/I1x8=
github.com/hugolify/hugolify-theme-offices v1.0.5/go.mod h1:jl36gpgiF50GARJgKkLa71wg7gfpI+PmfYHpufVWWLc=
github.com/hugolify/hugolify-theme-offices v1.0.6 h1:uLuAT/CCMuPHBTvce6dKXbgsnaQCixbmfXCV2ql5a6U=
github.com/hugolify/hugolify-theme-offices v1.0.6/go.mod h1:jl36gpgiF50GARJgKkLa71wg7gfpI+PmfYHpufVWWLc=
github.com/hugolify/hugolify-theme-persons v1.0.6 h1:+Ma+gQJqnSapARA/adXrM7VxHXGJv+KiLyxqm+EsxgI=
github.com/hugolify/hugolify-theme-persons v1.0.6/go.mod h1:LjjY/5pEDk2r3URTU8xS7Sango4D4K9ExU0+OaJwOUA=
github.com/hugolify/hugolify-theme-persons v1.0.7 h1:WUBT1v5rq2XzuIC3zYjf4G8XdZIb/m3l482m2mKzdZw=
github.com/hugolify/hugolify-theme-persons v1.0.7/go.mod h1:LjjY/5pEDk2r3URTU8xS7Sango4D4K9ExU0+OaJwOUA=
github.com/hugolify/hugolify-theme-posts v1.1.3 h1:z7k0DKRTm86FLKCOnQ22756qHm7zaqEw5HIDLXBG0B4=
github.com/hugolify/hugolify-theme-posts v1.1.3/go.mod h1:kSsNH0SQ9TaUdpJ2AsOYfAQt4qiIv0ORGjC4l+XCoqc=
github.com/hugolify/hugolify-theme-posts v1.1.4 h1:19X2CFOltd9YtYnrWFu8pXayYtluy2D7GclYn/4+d2g=
github.com/hugolify/hugolify-theme-posts v1.1.4/go.mod h1:kSsNH0SQ9TaUdpJ2AsOYfAQt4qiIv0ORGjC4l+XCoqc=
github.com/hugolify/hugolify-theme-posts-authors v1.0.4 h1:+rceaZJ7filK4zn75Sssp4ODc+6ivsG9ozP1eMP7Bug=
github.com/hugolify/hugolify-theme-posts-authors v1.0.4/go.mod h1:2vuilTf8Vy8jwMtA2fcdvu+tq56KT9niZe62TyH6JQo=
github.com/hugolify/hugolify-theme-posts-categories v1.0.2 h1:B4706r7YUEADx8OSCYhCqRiCt9ySoST3nSaHuuuF0E8=
github.com/hugolify/hugolify-theme-posts-categories v1.0.2/go.mod h1:BgCFC7+DzBoAiM4B1CrWGCDVzU/UUHnwNIeMc7cqt54=
github.com/hugolify/hugolify-theme-posts-categories v1.0.3 h1:1XU6ABxpoD5oL43HFqqmO8786Oj72ctbE6cYQdxCVjo=
github.com/hugolify/hugolify-theme-posts-categories v1.0.3/go.mod h1:BgCFC7+DzBoAiM4B1CrWGCDVzU/UUHnwNIeMc7cqt54=
github.com/hugolify/hugolify-theme-posts-tags v1.0.3 h1:87rtwmVQv7hauMWVM2llGU7CUVdFQH5cTgP16IM1W+s=
github.com/hugolify/hugolify-theme-posts-tags v1.0.3/go.mod h1:8Vb9TbKcVvgMTZpHdIp8vyw9loSTcY3q0BNvqv8WpLg=
github.com/hugolify/hugolify-theme-projects v1.1.6 h1:fdwlRAPDNBWXf210wejoS4WdQQDUIDA8+ihcXuBUNe0=
github.com/hugolify/hugolify-theme-projects v1.1.6/go.mod h1:DseeRICUC354yaV9BDa6M3AwIeZVKXLnJbFczHCSH+U=
github.com/hugolify/hugolify-theme-projects v1.1.7 h1:Q+FpS7MAzbotQ4+SLSYN4st1zr17aORS2lReAGNp6iQ=
github.com/hugolify/hugolify-theme-projects v1.1.7/go.mod h1:DseeRICUC354yaV9BDa6M3AwIeZVKXLnJbFczHCSH+U=
github.com/hugolify/hugolify-theme-projects-tags v1.0.4 h1:JuDPo2VPARdohN1f0LS7ykMCKbh0k2Z7mJO9MB6JVq8=
github.com/hugolify/hugolify-theme-projects-tags v1.0.4/go.mod h1:qqkCPiuJJxLQrnomqNqmSbwLquISdi3c0mhpvXE1CNU=
github.com/hugolify/hugolify-theme-projects-types v1.0.5 h1:xcKFM5uPhGPIZJGaTewqyXH42zHj1VDyEfkl2kdLwns=
github.com/hugolify/hugolify-theme-projects-types v1.0.5/go.mod h1:IFi4jmAY5oXSLTWyK0mcGUDoFzWtgTQB/bQ+gL23MTg=
github.com/hugolify/hugolify-theme-publications v1.1.4 h1:2BDbcbCETc3n6kk4ZFtCkONET89Qo7I3qHATRENTTvM=
github.com/hugolify/hugolify-theme-publications v1.1.4/go.mod h1:9hR8/sdinGo6o4DJpZMTdP1I8XYwUUq585WmeU1zwH8=
github.com/hugolify/hugolify-theme-publications v1.1.5 h1:kHvHRSVXVQ+sWZEJmGUxD+vq1fObDdwjYqPNdxkRmG8=
github.com/hugolify/hugolify-theme-publications v1.1.5/go.mod h1:9hR8/sdinGo6o4DJpZMTdP1I8XYwUUq585WmeU1zwH8=
github.com/hugolify/hugolify-theme-publications-concerned v1.0.3 h1:DkXCK9O1kf0FQ47M6rqrsHBQhMjsO2+YzwmACYp+lBk=
github.com/hugolify/hugolify-theme-publications-concerned v1.0.3/go.mod h1:SAxYCXVsDJ5lUHU/YRrTIVWATehPwdy9a1VHhmUP5dw=
github.com/twbs/bootstrap v5.2.3+incompatible h1:lOmsJx587qfF7/gE7Vv4FxEofegyJlEACeVV+Mt7cgc=
github.com/twbs/bootstrap v5.2.3+incompatible/go.mod h1:fZTSrkpSf0/HkL0IIJzvVspTt1r9zuf7XlZau8kpcY0=
